// !$*UTF8*$!
{
	archiveVersion = 1;
	classes = {
	};
	objectVersion = 46;
	objects = {

/* Begin PBXBuildFile section */
		7046AD3B1BF0D6720030C846 /* main.m in Sources */ = {isa = PBXBuildFile; fileRef = 7046AD3A1BF0D6720030C846 /* main.m */; };
		7046AD3E1BF0D6720030C846 /* AppDelegate.m in Sources */ = {isa = PBXBuildFile; fileRef = 7046AD3D1BF0D6720030C846 /* AppDelegate.m */; };
		7046AD411BF0D6720030C846 /* ViewController.m in Sources */ = {isa = PBXBuildFile; fileRef = 7046AD401BF0D6720030C846 /* ViewController.m */; };
		7046AD441BF0D6720030C846 /* Main.storyboard in Resources */ = {isa = PBXBuildFile; fileRef = 7046AD421BF0D6720030C846 /* Main.storyboard */; };
		7046AD461BF0D6720030C846 /* Assets.xcassets in Resources */ = {isa = PBXBuildFile; fileRef = 7046AD451BF0D6720030C846 /* Assets.xcassets */; };
		7046AD491BF0D6720030C846 /* LaunchScreen.storyboard in Resources */ = {isa = PBXBuildFile; fileRef = 7046AD471BF0D6720030C846 /* LaunchScreen.storyboard */; };
		7046AD541BF0D6720030C846 /* MatchGameTests.m in Sources */ = {isa = PBXBuildFile; fileRef = 7046AD531BF0D6720030C846 /* MatchGameTests.m */; };
		7046AD5F1BF0D6720030C846 /* MatchGameUITests.m in Sources */ = {isa = PBXBuildFile; fileRef = 7046AD5E1BF0D6720030C846 /* MatchGameUITests.m */; };
		7046AD6E1BF0D7510030C846 /* Card.m in Sources */ = {isa = PBXBuildFile; fileRef = 7046AD6D1BF0D7510030C846 /* Card.m */; };
		7046AD711BF0D9CD0030C846 /* Deck.m in Sources */ = {isa = PBXBuildFile; fileRef = 7046AD701BF0D9CD0030C846 /* Deck.m */; };
		7046AD741BF0E0C90030C846 /* PlayingCard.m in Sources */ = {isa = PBXBuildFile; fileRef = 7046AD731BF0E0C90030C846 /* PlayingCard.m */; };
		7046AD771BF0EBD20030C846 /* PlayingCardDeck.m in Sources */ = {isa = PBXBuildFile; fileRef = 7046AD761BF0EBD20030C846 /* PlayingCardDeck.m */; };
		70C8D6EE1BF2247700D05F59 /* CardMatchingGame.m in Sources */ = {isa = PBXBuildFile; fileRef = 70C8D6ED1BF2247700D05F59 /* CardMatchingGame.m */; };
/* End PBXBuildFile section */

/* Begin PBXContainerItemProxy section */
		7046AD501BF0D6720030C846 /* PBXContainerItemProxy */ = {
			isa = PBXContainerItemProxy;
			containerPortal = 7046AD2E1BF0D6720030C846 /* Project object */;
			proxyType = 1;
			remoteGlobalIDString = 7046AD351BF0D6720030C846;
			remoteInfo = MatchGame;
		};
		7046AD5B1BF0D6720030C846 /* PBXContainerItemProxy */ = {
			isa = PBXContainerItemProxy;
			containerPortal = 7046AD2E1BF0D6720030C846 /* Project object */;
			proxyType = 1;
			remoteGlobalIDString = 7046AD351BF0D6720030C846;
			remoteInfo = MatchGame;
		};
/* End PBXContainerItemProxy section */

/* Begin PBXFileReference section */
		7046AD361BF0D6720030C846 /* MatchGame.app */ = {isa = PBXFileReference; explicitFileType = wrapper.application; includeInIndex = 0; path = MatchGame.app; sourceTree = BUILT_PRODUCTS_DIR; };
		7046AD3A1BF0D6720030C846 /* main.m */ = {isa = PBXFileReference; lastKnownFileType = sourcecode.c.objc; path = main.m; sourceTree = "<group>"; };
		7046AD3C1BF0D6720030C846 /* AppDelegate.h */ = {isa = PBXFileReference; lastKnownFileType = sourcecode.c.h; path = AppDelegate.h; sourceTree = "<group>"; };
		7046AD3D1BF0D6720030C846 /* AppDelegate.m */ = {isa = PBXFileReference; lastKnownFileType = sourcecode.c.objc; path = AppDelegate.m; sourceTree = "<group>"; };
		7046AD3F1BF0D6720030C846 /* ViewController.h */ = {isa = PBXFileReference; lastKnownFileType = sourcecode.c.h; path = ViewController.h; sourceTree = "<group>"; };
		7046AD401BF0D6720030C846 /* ViewController.m */ = {isa = PBXFileReference; lastKnownFileType = sourcecode.c.objc; path = ViewController.m; sourceTree = "<group>"; };
		7046AD431BF0D6720030C846 /* Base */ = {isa = PBXFileReference; lastKnownFileType = file.storyboard; name = Base; path = Base.lproj/Main.storyboard; sourceTree = "<group>"; };
		7046AD451BF0D6720030C846 /* Assets.xcassets */ = {isa = PBXFileReference; lastKnownFileType = folder.assetcatalog; path = Assets.xcassets; sourceTree = "<group>"; };
		7046AD481BF0D6720030C846 /* Base */ = {isa = PBXFileReference; lastKnownFileType = file.storyboard; name = Base; path = Base.lproj/LaunchScreen.storyboard; sourceTree = "<group>"; };
		7046AD4A1BF0D6720030C846 /* Info.plist */ = {isa = PBXFileReference; lastKnownFileType = text.plist.xml; path = Info.plist; sourceTree = "<group>"; };
		7046AD4F1BF0D6720030C846 /* MatchGameTests.xctest */ = {isa = PBXFileReference; explicitFileType = wrapper.cfbundle; includeInIndex = 0; path = MatchGameTests.xctest; sourceTree = BUILT_PRODUCTS_DIR; };
		7046AD531BF0D6720030C846 /* MatchGameTests.m */ = {isa = PBXFileReference; lastKnownFileType = sourcecode.c.objc; path = MatchGameTests.m; sourceTree = "<group>"; };
		7046AD551BF0D6720030C846 /* Info.plist */ = {isa = PBXFileReference; lastKnownFileType = text.plist.xml; path = Info.plist; sourceTree = "<group>"; };
		7046AD5A1BF0D6720030C846 /* MatchGameUITests.xctest */ = {isa = PBXFileReference; explicitFileType = wrapper.cfbundle; includeInIndex = 0; path = MatchGameUITests.xctest; sourceTree = BUILT_PRODUCTS_DIR; };
		7046AD5E1BF0D6720030C846 /* MatchGameUITests.m */ = {isa = PBXFileReference; lastKnownFileType = sourcecode.c.objc; path = MatchGameUITests.m; sourceTree = "<group>"; };
		7046AD601BF0D6720030C846 /* Info.plist */ = {isa = PBXFileReference; lastKnownFileType = text.plist.xml; path = Info.plist; sourceTree = "<group>"; };
		7046AD6C1BF0D7510030C846 /* Card.h */ = {isa = PBXFileReference; fileEncoding = 4; lastKnownFileType = sourcecode.c.h; path = Card.h; sourceTree = "<group>"; };
		7046AD6D1BF0D7510030C846 /* Card.m */ = {isa = PBXFileReference; fileEncoding = 4; lastKnownFileType = sourcecode.c.objc; path = Card.m; sourceTree = "<group>"; };
		7046AD6F1BF0D9CD0030C846 /* Deck.h */ = {isa = PBXFileReference; fileEncoding = 4; lastKnownFileType = sourcecode.c.h; path = Deck.h; sourceTree = "<group>"; };
		7046AD701BF0D9CD0030C846 /* Deck.m */ = {isa = PBXFileReference; fileEncoding = 4; lastKnownFileType = sourcecode.c.objc; path = Deck.m; sourceTree = "<group>"; };
		7046AD721BF0E0C90030C846 /* PlayingCard.h */ = {isa = PBXFileReference; fileEncoding = 4; lastKnownFileType = sourcecode.c.h; path = PlayingCard.h; sourceTree = "<group>"; };
		7046AD731BF0E0C90030C846 /* PlayingCard.m */ = {isa = PBXFileReference; fileEncoding = 4; lastKnownFileType = sourcecode.c.objc; path = PlayingCard.m; sourceTree = "<group>"; };
		7046AD751BF0EBD20030C846 /* PlayingCardDeck.h */ = {isa = PBXFileReference; fileEncoding = 4; lastKnownFileType = sourcecode.c.h; path = PlayingCardDeck.h; sourceTree = "<group>"; };
		7046AD761BF0EBD20030C846 /* PlayingCardDeck.m */ = {isa = PBXFileReference; fileEncoding = 4; lastKnownFileType = sourcecode.c.objc; path = PlayingCardDeck.m; sourceTree = "<group>"; };
		70C8D6EC1BF2247700D05F59 /* CardMatchingGame.h */ = {isa = PBXFileReference; fileEncoding = 4; lastKnownFileType = sourcecode.c.h; path = CardMatchingGame.h; sourceTree = "<group>"; };
		70C8D6ED1BF2247700D05F59 /* CardMatchingGame.m */ = {isa = PBXFileReference; fileEncoding = 4; lastKnownFileType = sourcecode.c.objc; path = CardMatchingGame.m; sourceTree = "<group>"; };
/* End PBXFileReference section */

/* Begin PBXFrameworksBuildPhase section */
		7046AD331BF0D6720030C846 /* Frameworks */ = {
			isa = PBXFrameworksBuildPhase;
			buildActionMask = 2147483647;
			files = (
			);
			runOnlyForDeploymentPostprocessing = 0;
		};
		7046AD4C1BF0D6720030C846 /* Frameworks */ = {
			isa = PBXFrameworksBuildPhase;
			buildActionMask = 2147483647;
			files = (
			);
			runOnlyForDeploymentPostprocessing = 0;
		};
		7046AD571BF0D6720030C846 /* Frameworks */ = {
			isa = PBXFrameworksBuildPhase;
			buildActionMask = 2147483647;
			files = (
			);
			runOnlyForDeploymentPostprocessing = 0;
		};
/* End PBXFrameworksBuildPhase section */

/* Begin PBXGroup section */
		7046AD2D1BF0D6720030C846 = {
			isa = PBXGroup;
			children = (
				7046AD381BF0D6720030C846 /* MatchGame */,
				7046AD521BF0D6720030C846 /* MatchGameTests */,
				7046AD5D1BF0D6720030C846 /* MatchGameUITests */,
				7046AD371BF0D6720030C846 /* Products */,
			);
			sourceTree = "<group>";
		};
		7046AD371BF0D6720030C846 /* Products */ = {
			isa = PBXGroup;
			children = (
				7046AD361BF0D6720030C846 /* MatchGame.app */,
				7046AD4F1BF0D6720030C846 /* MatchGameTests.xctest */,
				7046AD5A1BF0D6720030C846 /* MatchGameUITests.xctest */,
			);
			name = Products;
			sourceTree = "<group>";
		};
		7046AD381BF0D6720030C846 /* MatchGame */ = {
			isa = PBXGroup;
			children = (
				7046AD3C1BF0D6720030C846 /* AppDelegate.h */,
				7046AD3D1BF0D6720030C846 /* AppDelegate.m */,
				7046AD3F1BF0D6720030C846 /* ViewController.h */,
				7046AD401BF0D6720030C846 /* ViewController.m */,
				7046AD421BF0D6720030C846 /* Main.storyboard */,
				7046AD451BF0D6720030C846 /* Assets.xcassets */,
				7046AD471BF0D6720030C846 /* LaunchScreen.storyboard */,
				7046AD4A1BF0D6720030C846 /* Info.plist */,
				7046AD391BF0D6720030C846 /* Supporting Files */,
				7046AD6C1BF0D7510030C846 /* Card.h */,
				70C8D6EC1BF2247700D05F59 /* CardMatchingGame.h */,
				70C8D6ED1BF2247700D05F59 /* CardMatchingGame.m */,
				7046AD6D1BF0D7510030C846 /* Card.m */,
				7046AD6F1BF0D9CD0030C846 /* Deck.h */,
				7046AD721BF0E0C90030C846 /* PlayingCard.h */,
				7046AD751BF0EBD20030C846 /* PlayingCardDeck.h */,
				7046AD761BF0EBD20030C846 /* PlayingCardDeck.m */,
				7046AD731BF0E0C90030C846 /* PlayingCard.m */,
				7046AD701BF0D9CD0030C846 /* Deck.m */,
			);
			path = MatchGame;
			sourceTree = "<group>";
		};
		7046AD391BF0D6720030C846 /* Supporting Files */ = {
			isa = PBXGroup;
			children = (
				7046AD3A1BF0D6720030C846 /* main.m */,
			);
			name = "Supporting Files";
			sourceTree = "<group>";
		};
		7046AD521BF0D6720030C846 /* MatchGameTests */ = {
			isa = PBXGroup;
			children = (
				7046AD531BF0D6720030C846 /* MatchGameTests.m */,
				7046AD551BF0D6720030C846 /* Info.plist */,
			);
			path = MatchGameTests;
			sourceTree = "<group>";
		};
		7046AD5D1BF0D6720030C846 /* MatchGameUITests */ = {
			isa = PBXGroup;
			children = (
				7046AD5E1BF0D6720030C846 /* MatchGameUITests.m */,
				7046AD601BF0D6720030C846 /* Info.plist */,
			);
			path = MatchGameUITests;
			sourceTree = "<group>";
		};
/* End PBXGroup section */

/* Begin PBXNativeTarget section */
		7046AD351BF0D6720030C846 /* MatchGame */ = {
			isa = PBXNativeTarget;
			buildConfigurationList = 7046AD631BF0D6720030C846 /* Build configuration list for PBXNativeTarget "MatchGame" */;
			buildPhases = (
				7046AD321BF0D6720030C846 /* Sources */,
				7046AD331BF0D6720030C846 /* Frameworks */,
				7046AD341BF0D6720030C846 /* Resources */,
			);
			buildRules = (
			);
			dependencies = (
			);
			name = MatchGame;
			productName = MatchGame;
			productReference = 7046AD361BF0D6720030C846 /* MatchGame.app */;
			productType = "com.apple.product-type.application";
		};
		7046AD4E1BF0D6720030C846 /* MatchGameTests */ = {
			isa = PBXNativeTarget;
			buildConfigurationList = 7046AD661BF0D6720030C846 /* Build configuration list for PBXNativeTarget "MatchGameTests" */;
			buildPhases = (
				7046AD4B1BF0D6720030C846 /* Sources */,
				7046AD4C1BF0D6720030C846 /* Frameworks */,
				7046AD4D1BF0D6720030C846 /* Resources */,
			);
			buildRules = (
			);
			dependencies = (
				7046AD511BF0D6720030C846 /* PBXTargetDependency */,
			);
			name = MatchGameTests;
			productName = MatchGameTests;
			productReference = 7046AD4F1BF0D6720030C846 /* MatchGameTests.xctest */;
			productType = "com.apple.product-type.bundle.unit-test";
		};
		7046AD591BF0D6720030C846 /* MatchGameUITests */ = {
			isa = PBXNativeTarget;
			buildConfigurationList = 7046AD691BF0D6720030C846 /* Build configuration list for PBXNativeTarget "MatchGameUITests" */;
			buildPhases = (
				7046AD561BF0D6720030C846 /* Sources */,
				7046AD571BF0D6720030C846 /* Frameworks */,
				7046AD581BF0D6720030C846 /* Resources */,
			);
			buildRules = (
			);
			dependencies = (
				7046AD5C1BF0D6720030C846 /* PBXTargetDependency */,
			);
			name = MatchGameUITests;
			productName = MatchGameUITests;
			productReference = 7046AD5A1BF0D6720030C846 /* MatchGameUITests.xctest */;
			productType = "com.apple.product-type.bundle.ui-testing";
		};
/* End PBXNativeTarget section */

/* Begin PBXProject section */
		7046AD2E1BF0D6720030C846 /* Project object */ = {
			isa = PBXProject;
			attributes = {
				LastUpgradeCheck = 0710;
				ORGANIZATIONNAME = "Tzachi Azo";
				TargetAttributes = {
					7046AD351BF0D6720030C846 = {
						CreatedOnToolsVersion = 7.1;
					};
					7046AD4E1BF0D6720030C846 = {
						CreatedOnToolsVersion = 7.1;
						TestTargetID = 7046AD351BF0D6720030C846;
					};
					7046AD591BF0D6720030C846 = {
						CreatedOnToolsVersion = 7.1;
						TestTargetID = 7046AD351BF0D6720030C846;
					};
				};
			};
			buildConfigurationList = 7046AD311BF0D6720030C846 /* Build configuration list for PBXProject "MatchGame" */;
			compatibilityVersion = "Xcode 3.2";
			developmentRegion = English;
			hasScannedForEncodings = 0;
			knownRegions = (
				en,
				Base,
			);
			mainGroup = 7046AD2D1BF0D6720030C846;
			productRefGroup = 7046AD371BF0D6720030C846 /* Products */;
			projectDirPath = "";
			projectRoot = "";
			targets = (
				7046AD351BF0D6720030C846 /* MatchGame */,
				7046AD4E1BF0D6720030C846 /* MatchGameTests */,
				7046AD591BF0D6720030C846 /* MatchGameUITests */,
			);
		};
/* End PBXProject section */

/* Begin PBXResourcesBuildPhase section */
		7046AD341BF0D6720030C846 /* Resources */ = {
			isa = PBXResourcesBuildPhase;
			buildActionMask = 2147483647;
			files = (
				7046AD491BF0D6720030C846 /* LaunchScreen.storyboard in Resources */,
				7046AD461BF0D6720030C846 /* Assets.xcassets in Resources */,
				7046AD441BF0D6720030C846 /* Main.storyboard in Resources */,
			);
			runOnlyForDeploymentPostprocessing = 0;
		};
		7046AD4D1BF0D6720030C846 /* Resources */ = {
			isa = PBXResourcesBuildPhase;
			buildActionMask = 2147483647;
			files = (
			);
			runOnlyForDeploymentPostprocessing = 0;
		};
		7046AD581BF0D6720030C846 /* Resources */ = {
			isa = PBXResourcesBuildPhase;
			buildActionMask = 2147483647;
			files = (
			);
			runOnlyForDeploymentPostprocessing = 0;
		};
/* End PBXResourcesBuildPhase section */

/* Begin PBXSourcesBuildPhase section */
		7046AD321BF0D6720030C846 /* Sources */ = {
			isa = PBXSourcesBuildPhase;
			buildActionMask = 2147483647;
			files = (
				7046AD741BF0E0C90030C846 /* PlayingCard.m in Sources */,
				7046AD711BF0D9CD0030C846 /* Deck.m in Sources */,
				7046AD411BF0D6720030C846 /* ViewController.m in Sources */,
				7046AD3E1BF0D6720030C846 /* AppDelegate.m in Sources */,
				70C8D6EE1BF2247700D05F59 /* CardMatchingGame.m in Sources */,
				7046AD771BF0EBD20030C846 /* PlayingCardDeck.m in Sources */,
				7046AD3B1BF0D6720030C846 /* main.m in Sources */,
				7046AD6E1BF0D7510030C846 /* Card.m in Sources */,
			);
			runOnlyForDeploymentPostprocessing = 0;
		};
		7046AD4B1BF0D6720030C846 /* Sources */ = {
			isa = PBXSourcesBuildPhase;
			buildActionMask = 2147483647;
			files = (
				7046AD541BF0D6720030C846 /* MatchGameTests.m in Sources */,
			);
			runOnlyForDeploymentPostprocessing = 0;
		};
		7046AD561BF0D6720030C846 /* Sources */ = {
			isa = PBXSourcesBuildPhase;
			buildActionMask = 2147483647;
			files = (
				7046AD5F1BF0D6720030C846 /* MatchGameUITests.m in Sources */,
			);
			runOnlyForDeploymentPostprocessing = 0;
		};
/* End PBXSourcesBuildPhase section */

/* Begin PBXTargetDependency section */
		7046AD511BF0D6720030C846 /* PBXTargetDependency */ = {
			isa = PBXTargetDependency;
			target = 7046AD351BF0D6720030C846 /* MatchGame */;
			targetProxy = 7046AD501BF0D6720030C846 /* PBXContainerItemProxy */;
		};
		7046AD5C1BF0D6720030C846 /* PBXTargetDependency */ = {
			isa = PBXTargetDependency;
			target = 7046AD351BF0D6720030C846 /* MatchGame */;
			targetProxy = 7046AD5B1BF0D6720030C846 /* PBXContainerItemProxy */;
		};
/* End PBXTargetDependency section */

/* Begin PBXVariantGroup section */
		7046AD421BF0D6720030C846 /* Main.storyboard */ = {
			isa = PBXVariantGroup;
			children = (
				7046AD431BF0D6720030C846 /* Base */,
			);
			name = Main.storyboard;
			sourceTree = "<group>";
		};
		7046AD471BF0D6720030C846 /* LaunchScreen.storyboard */ = {
			isa = PBXVariantGroup;
			children = (
				7046AD481BF0D6720030C846 /* Base */,
			);
			name = LaunchScreen.storyboard;
			sourceTree = "<group>";
		};
/* End PBXVariantGroup section */

/* Begin XCBuildConfiguration section */
		7046AD611BF0D6720030C846 /* Debug */ = {
			isa = XCBuildConfiguration;
			buildSettings = {
				ALWAYS_SEARCH_USER_PATHS = NO;
				CLANG_CXX_LANGUAGE_STANDARD = "gnu++0x";
				CLANG_CXX_LIBRARY = "libc++";
				CLANG_ENABLE_MODULES = YES;
				CLANG_ENABLE_OBJC_ARC = YES;
				CLANG_WARN_BOOL_CONVERSION = YES;
				CLANG_WARN_CONSTANT_CONVERSION = YES;
				CLANG_WARN_DIRECT_OBJC_ISA_USAGE = YES_ERROR;
				CLANG_WARN_EMPTY_BODY = YES;
				CLANG_WARN_ENUM_CONVERSION = YES;
				CLANG_WARN_INT_CONVERSION = YES;
				CLANG_WARN_OBJC_ROOT_CLASS = YES_ERROR;
				CLANG_WARN_UNREACHABLE_CODE = YES;
				CLANG_WARN__DUPLICATE_METHOD_MATCH = YES;
				"CODE_SIGN_IDENTITY[sdk=iphoneos*]" = "iPhone Developer";
				COPY_PHASE_STRIP = NO;
				DEBUG_INFORMATION_FORMAT = dwarf;
				ENABLE_STRICT_OBJC_MSGSEND = YES;
				ENABLE_TESTABILITY = YES;
				GCC_C_LANGUAGE_STANDARD = gnu99;
				GCC_DYNAMIC_NO_PIC = NO;
				GCC_NO_COMMON_BLOCKS = YES;
				GCC_OPTIMIZATION_LEVEL = 0;
				GCC_PREPROCESSOR_DEFINITIONS = (
					"DEBUG=1",
					"$(inherited)",
				);
				GCC_WARN_64_TO_32_BIT_CONVERSION = YES;
				GCC_WARN_ABOUT_RETURN_TYPE = YES_ERROR;
				GCC_WARN_UNDECLARED_SELECTOR = YES;
				GCC_WARN_UNINITIALIZED_AUTOS = YES_AGGRESSIVE;
				GCC_WARN_UNUSED_FUNCTION = YES;
				GCC_WARN_UNUSED_VARIABLE = YES;
				IPHONEOS_DEPLOYMENT_TARGET = 9.1;
				MTL_ENABLE_DEBUG_INFO = YES;
				ONLY_ACTIVE_ARCH = YES;
				SDKROOT = iphoneos;
				TARGETED_DEVICE_FAMILY = "1,2";
			};
			name = Debug;
		};
		7046AD621BF0D6720030C846 /* Release */ = {
			isa = XCBuildConfiguration;
			buildSettings = {
				ALWAYS_SEARCH_USER_PATHS = NO;
				CLANG_CXX_LANGUAGE_STANDARD = "gnu++0x";
				CLANG_CXX_LIBRARY = "libc++";
				CLANG_ENABLE_MODULES = YES;
				CLANG_ENABLE_OBJC_ARC = YES;
				CLANG_WARN_BOOL_CONVERSION = YES;
				CLANG_WARN_CONSTANT_CONVERSION = YES;
				CLANG_WARN_DIRECT_OBJC_ISA_USAGE = YES_ERROR;
				CLANG_WARN_EMPTY_BODY = YES;
				CLANG_WARN_ENUM_CONVERSION = YES;
				CLANG_WARN_INT_CONVERSION = YES;
				CLANG_WARN_OBJC_ROOT_CLASS = YES_ERROR;
				CLANG_WARN_UNREACHABLE_CODE = YES;
				CLANG_WARN__DUPLICATE_METHOD_MATCH = YES;
				"CODE_SIGN_IDENTITY[sdk=iphoneos*]" = "iPhone Developer";
				COPY_PHASE_STRIP = NO;
				DEBUG_INFORMATION_FORMAT = "dwarf-with-dsym";
				ENABLE_NS_ASSERTIONS = NO;
				ENABLE_STRICT_OBJC_MSGSEND = YES;
				GCC_C_LANGUAGE_STANDARD = gnu99;
				GCC_NO_COMMON_BLOCKS = YES;
				GCC_WARN_64_TO_32_BIT_CONVERSION = YES;
				GCC_WARN_ABOUT_RETURN_TYPE = YES_ERROR;
				GCC_WARN_UNDECLARED_SELECTOR = YES;
				GCC_WARN_UNINITIALIZED_AUTOS = YES_AGGRESSIVE;
				GCC_WARN_UNUSED_FUNCTION = YES;
				GCC_WARN_UNUSED_VARIABLE = YES;
				IPHONEOS_DEPLOYMENT_TARGET = 9.1;
				MTL_ENABLE_DEBUG_INFO = NO;
				SDKROOT = iphoneos;
				TARGETED_DEVICE_FAMILY = "1,2";
				VALIDATE_PRODUCT = YES;
			};
			name = Release;
		};
		7046AD641BF0D6720030C846 /* Debug */ = {
			isa = XCBuildConfiguration;
			buildSettings = {
				ASSETCATALOG_COMPILER_APPICON_NAME = AppIcon;
				INFOPLIST_FILE = MatchGame/Info.plist;
				LD_RUNPATH_SEARCH_PATHS = "$(inherited) @executable_path/Frameworks";
				PRODUCT_BUNDLE_IDENTIFIER = com.tzachi.MatchGame;
				PRODUCT_NAME = "$(TARGET_NAME)";
			};
			name = Debug;
		};
		7046AD651BF0D6720030C846 /* Release */ = {
			isa = XCBuildConfiguration;
			buildSettings = {
				ASSETCATALOG_COMPILER_APPICON_NAME = AppIcon;
				INFOPLIST_FILE = MatchGame/Info.plist;
				LD_RUNPATH_SEARCH_PATHS = "$(inherited) @executable_path/Frameworks";
				PRODUCT_BUNDLE_IDENTIFIER = com.tzachi.MatchGame;
				PRODUCT_NAME = "$(TARGET_NAME)";
			};
			name = Release;
		};
		7046AD671BF0D6720030C846 /* Debug */ = {
			isa = XCBuildConfiguration;
			buildSettings = {
				BUNDLE_LOADER = "$(TEST_HOST)";
				INFOPLIST_FILE = MatchGameTests/Info.plist;
				LD_RUNPATH_SEARCH_PATHS = "$(inherited) @executable_path/Frameworks @loader_path/Frameworks";
				PRODUCT_BUNDLE_IDENTIFIER = com.tzachi.MatchGameTests;
				PRODUCT_NAME = "$(TARGET_NAME)";
				TEST_HOST = "$(BUILT_PRODUCTS_DIR)/MatchGame.app/MatchGame";
			};
			name = Debug;
		};
		7046AD681BF0D6720030C846 /* Release */ = {
			isa = XCBuildConfiguration;
			buildSettings = {
				BUNDLE_LOADER = "$(TEST_HOST)";
				INFOPLIST_FILE = MatchGameTests/Info.plist;
				LD_RUNPATH_SEARCH_PATHS = "$(inherited) @executable_path/Frameworks @loader_path/Frameworks";
				PRODUCT_BUNDLE_IDENTIFIER = com.tzachi.MatchGameTests;
				PRODUCT_NAME = "$(TARGET_NAME)";
				TEST_HOST = "$(BUILT_PRODUCTS_DIR)/MatchGame.app/MatchGame";
			};
			name = Release;
		};
		7046AD6A1BF0D6720030C846 /* Debug */ = {
			isa = XCBuildConfiguration;
			buildSettings = {
				INFOPLIST_FILE = MatchGameUITests/Info.plist;
				LD_RUNPATH_SEARCH_PATHS = "$(inherited) @executable_path/Frameworks @loader_path/Frameworks";
				PRODUCT_BUNDLE_IDENTIFIER = com.tzachi.MatchGameUITests;
				PRODUCT_NAME = "$(TARGET_NAME)";
				TEST_TARGET_NAME = MatchGame;
				USES_XCTRUNNER = YES;
			};
			name = Debug;
		};
		7046AD6B1BF0D6720030C846 /* Release */ = {
			isa = XCBuildConfiguration;
			buildSettings = {
				INFOPLIST_FILE = MatchGameUITests/Info.plist;
				LD_RUNPATH_SEARCH_PATHS = "$(inherited) @executable_path/Frameworks @loader_path/Frameworks";
				PRODUCT_BUNDLE_IDENTIFIER = com.tzachi.MatchGameUITests;
				PRODUCT_NAME = "$(TARGET_NAME)";
				TEST_TARGET_NAME = MatchGame;
				USES_XCTRUNNER = YES;
			};
			name = Release;
		};
/* End XCBuildConfiguration section */

/* Begin XCConfigurationList section */
		7046AD311BF0D6720030C846 /* Build configuration list for PBXProject "MatchGame" */ = {
			isa = XCConfigurationList;
			buildConfigurations = (
				7046AD611BF0D6720030C846 /* Debug */,
				7046AD621BF0D6720030C846 /* Release */,
			);
			defaultConfigurationIsVisible = 0;
			defaultConfigurationName = Release;
		};
		7046AD631BF0D6720030C846 /* Build configuration list for PBXNativeTarget "MatchGame" */ = {
			isa = XCConfigurationList;
			buildConfigurations = (
				7046AD641BF0D6720030C846 /* Debug */,
				7046AD651BF0D6720030C846 /* Release */,
			);
			defaultConfigurationIsVisible = 0;
			defaultConfigurationName = Release;
		};
		7046AD661BF0D6720030C846 /* Build configuration list for PBXNativeTarget "MatchGameTests" */ = {
			isa = XCConfigurationList;
			buildConfigurations = (
				7046AD671BF0D6720030C846 /* Debug */,
				7046AD681BF0D6720030C846 /* Release */,
			);
			defaultConfigurationIsVisible = 0;
			defaultConfigurationName = Release;
		};
		7046AD691BF0D6720030C846 /* Build configuration list for PBXNativeTarget "MatchGameUITests" */ = {
			isa = XCConfigurationList;
			buildConfigurations = (
				7046AD6A1BF0D6720030C846 /* Debug */,
				7046AD6B1BF0D6720030C846 /* Release */,
			);
			defaultConfigurationIsVisible = 0;
			defaultConfigurationName = Release;
		};
/* End XCConfigurationList section */
	};
	rootObject = 7046AD2E1BF0D6720030C846 /* Project object */;
}
